
Microsoft Visual Studio Solution File, Format Version 12.00
# Visual Studio Version 16
VisualStudioVersion = 16.0.31424.327
MinimumVisualStudioVersion = 10.0.40219.1
Project("{FAE04EC0-301F-11D3-BF4B-00C04F79EFBC}") = "MaskSecret", "MaskSecret.csproj", "{DE66464D-1916-4A53-9AB3-084BDFB1B8DB}"
EndProject
Global
	GlobalSection(SolutionConfigurationPlatforms) = preSolution
		Debug|Any CPU = Debug|Any CPU
		Release|Any CPU = Release|Any CPU
	EndGlobalSection
	GlobalSection(ProjectConfigurationPlatforms) = postSolution
		{DE66464D-1916-4A53-9AB3-084BDFB1B8DB}.Debug|Any CPU.ActiveCfg = Debug|Any CPU
		{DE66464D-1916-4A53-9AB3-084BDFB1B8DB}.Debug|Any CPU.Build.0 = Debug|Any CPU
		{DE66464D-1916-4A53-9AB3-084BDFB1B8DB}.Release|Any CPU.ActiveCfg = Release|Any CPU
		{DE66464D-1916-4A53-9AB3-084BDFB1B8DB}.Release|Any CPU.Build.0 = Release|Any CPU
	EndGlobalSection
	GlobalSection(SolutionProperties) = preSolution
		HideSolutionNode = FALSE
	EndGlobalSection
	GlobalSection(ExtensibilityGlobals) = postSolution
		SolutionGuid = {F58A032D-734D-464D-8BBC-95BC1DC6D860}
	EndGlobalSection
EndGlobal
